
Microsoft Visual Studio Solution File, Format Version 12.00
# Visual Studio Version 17
VisualStudioVersion = 17.2.32602.215
MinimumVisualStudioVersion = 10.0.40219.1
Project("{9A19103F-16F7-4668-BE54-9A1E7A4F7556}") = "Hermes", "Hermes\Hermes.csproj", "{582B25A9-C1A8-4B37-91A4-F4B4F67EDFD9}"
EndProject
Project("{2150E333-8FDC-42A3-9474-1A3956D46DE8}") = "SRC", "SRC", "{CA470873-0990-4F26-8D85-5F682F473F05}"
EndProject
Project("{2150E333-8FDC-42A3-9474-1A3956D46DE8}") = "Core", "Core", "{394975D5-14EE-4193-ACEB-4AE47E611127}"
EndProject
Project("{2150E333-8FDC-42A3-9474-1A3956D46DE8}") = "Infrastructure", "Infrastructure", "{98828B19-5DB1-4559-B362-D5FFB044C2AC}"
EndProject
Project("{2150E333-8FDC-42A3-9474-1A3956D46DE8}") = "API", "API", "{3919CCEF-4AFF-480A-9090-2691117830F9}"
EndProject
Project("{9A19103F-16F7-4668-BE54-9A1E7A4F7556}") = "Hermes.Domain", "Hermes.Domain\Hermes.Domain.csproj", "{E7BA5D4E-F4A1-4C19-A062-2C80A875758D}"
EndProject
Project("{9A19103F-16F7-4668-BE54-9A1E7A4F7556}") = "Hermes.Application", "Hermes.Application\Hermes.Application.csproj", "{4EEED623-2DBD-4B2B-ACB8-8FE1BDB5E078}"
EndProject
Project("{9A19103F-16F7-4668-BE54-9A1E7A4F7556}") = "Hermes.Infrastructure", "Hermes.Infrastructure\Hermes.Infrastructure.csproj", "{7345840C-6BEC-4BDF-8800-468A0C8EE988}"
EndProject
Project("{9A19103F-16F7-4668-BE54-9A1E7A4F7556}") = "Hermes.Persistence", "Hermes.Persistence\Hermes.Persistence.csproj", "{9A10D111-5DF5-4583-BD9A-9EB32742571C}"
EndProject
Project("{9A19103F-16F7-4668-BE54-9A1E7A4F7556}") = "Hermes.API", "Hermes.API\Hermes.API.csproj", "{8453B34C-253B-4501-951F-6231C83B8B12}"
EndProject
Project("{2150E333-8FDC-42A3-9474-1A3956D46DE8}") = "Test", "Test", "{33F6DC56-F588-4D3D-89F1-91E32A80FE46}"
EndProject
Project("{9A19103F-16F7-4668-BE54-9A1E7A4F7556}") = "Hermes.Tests", "Hermes.Tests\Hermes.Tests.csproj", "{B908BB9A-9931-4E6C-B42F-A10C57DB64C4}"
EndProject
Global
	GlobalSection(SolutionConfigurationPlatforms) = preSolution
		Debug|Any CPU = Debug|Any CPU
		Release|Any CPU = Release|Any CPU
	EndGlobalSection
	GlobalSection(ProjectConfigurationPlatforms) = postSolution
		{582B25A9-C1A8-4B37-91A4-F4B4F67EDFD9}.Debug|Any CPU.ActiveCfg = Debug|Any CPU
		{582B25A9-C1A8-4B37-91A4-F4B4F67EDFD9}.Debug|Any CPU.Build.0 = Debug|Any CPU
		{582B25A9-C1A8-4B37-91A4-F4B4F67EDFD9}.Release|Any CPU.ActiveCfg = Release|Any CPU
		{582B25A9-C1A8-4B37-91A4-F4B4F67EDFD9}.Release|Any CPU.Build.0 = Release|Any CPU
		{E7BA5D4E-F4A1-4C19-A062-2C80A875758D}.Debug|Any CPU.ActiveCfg = Debug|Any CPU
		{E7BA5D4E-F4A1-4C19-A062-2C80A875758D}.Debug|Any CPU.Build.0 = Debug|Any CPU
		{E7BA5D4E-F4A1-4C19-A062-2C80A875758D}.Release|Any CPU.ActiveCfg = Release|Any CPU
		{E7BA5D4E-F4A1-4C19-A062-2C80A875758D}.Release|Any CPU.Build.0 = Release|Any CPU
		{4EEED623-2DBD-4B2B-ACB8-8FE1BDB5E078}.Debug|Any CPU.ActiveCfg = Debug|Any CPU
		{4EEED623-2DBD-4B2B-ACB8-8FE1BDB5E078}.Debug|Any CPU.Build.0 = Debug|Any CPU
		{4EEED623-2DBD-4B2B-ACB8-8FE1BDB5E078}.Release|Any CPU.ActiveCfg = Release|Any CPU
		{4EEED623-2DBD-4B2B-ACB8-8FE1BDB5E078}.Release|Any CPU.Build.0 = Release|Any CPU
		{7345840C-6BEC-4BDF-8800-468A0C8EE988}.Debug|Any CPU.ActiveCfg = Debug|Any CPU
		{7345840C-6BEC-4BDF-8800-468A0C8EE988}.Debug|Any CPU.Build.0 = Debug|Any CPU
		{7345840C-6BEC-4BDF-8800-468A0C8EE988}.Release|Any CPU.ActiveCfg = Release|Any CPU
		{7345840C-6BEC-4BDF-8800-468A0C8EE988}.Release|Any CPU.Build.0 = Release|Any CPU
		{9A10D111-5DF5-4583-BD9A-9EB32742571C}.Debug|Any CPU.ActiveCfg = Debug|Any CPU
		{9A10D111-5DF5-4583-BD9A-9EB32742571C}.Debug|Any CPU.Build.0 = Debug|Any CPU
		{9A10D111-5DF5-4583-BD9A-9EB32742571C}.Release|Any CPU.ActiveCfg = Release|Any CPU
		{9A10D111-5DF5-4583-BD9A-9EB32742571C}.Release|Any CPU.Build.0 = Release|Any CPU
		{8453B34C-253B-4501-951F-6231C83B8B12}.Debug|Any CPU.ActiveCfg = Debug|Any CPU
		{8453B34C-253B-4501-951F-6231C83B8B12}.Debug|Any CPU.Build.0 = Debug|Any CPU
		{8453B34C-253B-4501-951F-6231C83B8B12}.Release|Any CPU.ActiveCfg = Release|Any CPU
		{8453B34C-253B-4501-951F-6231C83B8B12}.Release|Any CPU.Build.0 = Release|Any CPU
		{B908BB9A-9931-4E6C-B42F-A10C57DB64C4}.Debug|Any CPU.ActiveCfg = Debug|Any CPU
		{B908BB9A-9931-4E6C-B42F-A10C57DB64C4}.Debug|Any CPU.Build.0 = Debug|Any CPU
		{B908BB9A-9931-4E6C-B42F-A10C57DB64C4}.Release|Any CPU.ActiveCfg = Release|Any CPU
		{B908BB9A-9931-4E6C-B42F-A10C57DB64C4}.Release|Any CPU.Build.0 = Release|Any CPU
	EndGlobalSection
	GlobalSection(SolutionProperties) = preSolution
		HideSolutionNode = FALSE
	EndGlobalSection
	GlobalSection(NestedProjects) = preSolution
		{394975D5-14EE-4193-ACEB-4AE47E611127} = {CA470873-0990-4F26-8D85-5F682F473F05}
		{98828B19-5DB1-4559-B362-D5FFB044C2AC} = {CA470873-0990-4F26-8D85-5F682F473F05}
		{3919CCEF-4AFF-480A-9090-2691117830F9} = {CA470873-0990-4F26-8D85-5F682F473F05}
		{E7BA5D4E-F4A1-4C19-A062-2C80A875758D} = {394975D5-14EE-4193-ACEB-4AE47E611127}
		{4EEED623-2DBD-4B2B-ACB8-8FE1BDB5E078} = {394975D5-14EE-4193-ACEB-4AE47E611127}
		{7345840C-6BEC-4BDF-8800-468A0C8EE988} = {98828B19-5DB1-4559-B362-D5FFB044C2AC}
		{9A10D111-5DF5-4583-BD9A-9EB32742571C} = {98828B19-5DB1-4559-B362-D5FFB044C2AC}
		{8453B34C-253B-4501-951F-6231C83B8B12} = {3919CCEF-4AFF-480A-9090-2691117830F9}
		{B908BB9A-9931-4E6C-B42F-A10C57DB64C4} = {33F6DC56-F588-4D3D-89F1-91E32A80FE46}
	EndGlobalSection
	GlobalSection(ExtensibilityGlobals) = postSolution
		SolutionGuid = {7FEE27E7-DEF0-43FD-934B-C41D9FB6A329}
	EndGlobalSection
EndGlobal
